
Microsoft Visual Studio Solution File, Format Version 12.00
# Visual Studio Version 16
VisualStudioVersion = 16.0.30523.141
MinimumVisualStudioVersion = 10.0.40219.1
Project("{FAE04EC0-301F-11D3-BF4B-00C04F79EFBC}") = "BD1", "BD1\BD1.csproj", "{1A000C60-7FB9-4C2B-851F-BCC5118E856D}"
EndProject
Global
	GlobalSection(SolutionConfigurationPlatforms) = preSolution
		Debug|Any CPU = Debug|Any CPU
		Release|Any CPU = Release|Any CPU
	EndGlobalSection
	GlobalSection(ProjectConfigurationPlatforms) = postSolution
		{1A000C60-7FB9-4C2B-851F-BCC5118E856D}.Debug|Any CPU.ActiveCfg = Debug|Any CPU
		{1A000C60-7FB9-4C2B-851F-BCC5118E856D}.Debug|Any CPU.Build.0 = Debug|Any CPU
		{1A000C60-7FB9-4C2B-851F-BCC5118E856D}.Release|Any CPU.ActiveCfg = Release|Any CPU
		{1A000C60-7FB9-4C2B-851F-BCC5118E856D}.Release|Any CPU.Build.0 = Release|Any CPU
	EndGlobalSection
	GlobalSection(SolutionProperties) = preSolution
		HideSolutionNode = FALSE
	EndGlobalSection
	GlobalSection(ExtensibilityGlobals) = postSolution
		SolutionGuid = {457B32C1-A7F7-469D-8F67-E42A0FA56913}
	EndGlobalSection
EndGlobal
